// !$*UTF8*$!
{
	archiveVersion = 1;
	classes = {
	};
	objectVersion = 46;
	objects = {

/* Begin PBXBuildFile section */
		BDD6619A1E304646006A48DF /* AppDelegate.swift in Sources */ = {isa = PBXBuildFile; fileRef = BDD661991E304646006A48DF /* AppDelegate.swift */; };
		BDD6619C1E304646006A48DF /* GameScene.sks in Resources */ = {isa = PBXBuildFile; fileRef = BDD6619B1E304646006A48DF /* GameScene.sks */; };
		BDD6619E1E304646006A48DF /* Actions.sks in Resources */ = {isa = PBXBuildFile; fileRef = BDD6619D1E304646006A48DF /* Actions.sks */; };
		BDD661A01E304646006A48DF /* GameScene.swift in Sources */ = {isa = PBXBuildFile; fileRef = BDD6619F1E304646006A48DF /* GameScene.swift */; };
		BDD661A21E304646006A48DF /* GameViewController.swift in Sources */ = {isa = PBXBuildFile; fileRef = BDD661A11E304646006A48DF /* GameViewController.swift */; };
		BDD661A51E304646006A48DF /* Main.storyboard in Resources */ = {isa = PBXBuildFile; fileRef = BDD661A31E304646006A48DF /* Main.storyboard */; };
		BDD661A71E304646006A48DF /* Assets.xcassets in Resources */ = {isa = PBXBuildFile; fileRef = BDD661A61E304646006A48DF /* Assets.xcassets */; };
		BDD661AA1E304646006A48DF /* LaunchScreen.storyboard in Resources */ = {isa = PBXBuildFile; fileRef = BDD661A81E304646006A48DF /* LaunchScreen.storyboard */; };
/* End PBXBuildFile section */

/* Begin PBXFileReference section */
		BDD661961E304646006A48DF /* Jack The Giant.app */ = {isa = PBXFileReference; explicitFileType = wrapper.application; includeInIndex = 0; path = "Jack The Giant.app"; sourceTree = BUILT_PRODUCTS_DIR; };
		BDD661991E304646006A48DF /* AppDelegate.swift */ = {isa = PBXFileReference; lastKnownFileType = sourcecode.swift; path = AppDelegate.swift; sourceTree = "<group>"; };
		BDD6619B1E304646006A48DF /* GameScene.sks */ = {isa = PBXFileReference; lastKnownFileType = file.sks; path = GameScene.sks; sourceTree = "<group>"; };
		BDD6619D1E304646006A48DF /* Actions.sks */ = {isa = PBXFileReference; lastKnownFileType = file.sks; path = Actions.sks; sourceTree = "<group>"; };
		BDD6619F1E304646006A48DF /* GameScene.swift */ = {isa = PBXFileReference; lastKnownFileType = sourcecode.swift; path = GameScene.swift; sourceTree = "<group>"; };
		BDD661A11E304646006A48DF /* GameViewController.swift */ = {isa = PBXFileReference; lastKnownFileType = sourcecode.swift; path = GameViewController.swift; sourceTree = "<group>"; };
		BDD661A41E304646006A48DF /* Base */ = {isa = PBXFileReference; lastKnownFileType = file.storyboard; name = Base; path = Base.lproj/Main.storyboard; sourceTree = "<group>"; };
		BDD661A61E304646006A48DF /* Assets.xcassets */ = {isa = PBXFileReference; lastKnownFileType = folder.assetcatalog; path = Assets.xcassets; sourceTree = "<group>"; };
		BDD661A91E304646006A48DF /* Base */ = {isa = PBXFileReference; lastKnownFileType = file.storyboard; name = Base; path = Base.lproj/LaunchScreen.storyboard; sourceTree = "<group>"; };
		BDD661AB1E304646006A48DF /* Info.plist */ = {isa = PBXFileReference; lastKnownFileType = text.plist.xml; path = Info.plist; sourceTree = "<group>"; };
/* End PBXFileReference section */

/* Begin PBXFrameworksBuildPhase section */
		BDD661931E304646006A48DF /* Frameworks */ = {
			isa = PBXFrameworksBuildPhase;
			buildActionMask = 2147483647;
			files = (
			);
			runOnlyForDeploymentPostprocessing = 0;
		};
/* End PBXFrameworksBuildPhase section */

/* Begin PBXGroup section */
		BDD6618D1E304646006A48DF = {
			isa = PBXGroup;
			children = (
				BDD661981E304646006A48DF /* Jack The Giant */,
				BDD661971E304646006A48DF /* Products */,
			);
			sourceTree = "<group>";
		};
		BDD661971E304646006A48DF /* Products */ = {
			isa = PBXGroup;
			children = (
				BDD661961E304646006A48DF /* Jack The Giant.app */,
			);
			name = Products;
			sourceTree = "<group>";
		};
		BDD661981E304646006A48DF /* Jack The Giant */ = {
			isa = PBXGroup;
			children = (
				BDD661991E304646006A48DF /* AppDelegate.swift */,
				BDD6619B1E304646006A48DF /* GameScene.sks */,
				BDD6619D1E304646006A48DF /* Actions.sks */,
				BDD6619F1E304646006A48DF /* GameScene.swift */,
				BDD661A11E304646006A48DF /* GameViewController.swift */,
				BDD661A31E304646006A48DF /* Main.storyboard */,
				BDD661A61E304646006A48DF /* Assets.xcassets */,
				BDD661A81E304646006A48DF /* LaunchScreen.storyboard */,
				BDD661AB1E304646006A48DF /* Info.plist */,
			);
			path = "Jack The Giant";
			sourceTree = "<group>";
		};
/* End PBXGroup section */

/* Begin PBXNativeTarget section */
		BDD661951E304646006A48DF /* Jack The Giant */ = {
			isa = PBXNativeTarget;
			buildConfigurationList = BDD661AE1E304646006A48DF /* Build configuration list for PBXNativeTarget "Jack The Giant" */;
			buildPhases = (
				BDD661921E304646006A48DF /* Sources */,
				BDD661931E304646006A48DF /* Frameworks */,
				BDD661941E304646006A48DF /* Resources */,
			);
			buildRules = (
			);
			dependencies = (
			);
			name = "Jack The Giant";
			productName = "Jack The Giant";
			productReference = BDD661961E304646006A48DF /* Jack The Giant.app */;
			productType = "com.apple.product-type.application";
		};
/* End PBXNativeTarget section */

/* Begin PBXProject section */
		BDD6618E1E304646006A48DF /* Project object */ = {
			isa = PBXProject;
			attributes = {
				LastSwiftUpdateCheck = 0820;
				LastUpgradeCheck = 0820;
				ORGANIZATIONNAME = "Vinicius Brito";
				TargetAttributes = {
					BDD661951E304646006A48DF = {
						CreatedOnToolsVersion = 8.2.1;
						DevelopmentTeam = R4L6C6JGYH;
						ProvisioningStyle = Automatic;
					};
				};
			};
			buildConfigurationList = BDD661911E304646006A48DF /* Build configuration list for PBXProject "Jack The Giant" */;
			compatibilityVersion = "Xcode 3.2";
			developmentRegion = English;
			hasScannedForEncodings = 0;
			knownRegions = (
				en,
				Base,
			);
			mainGroup = BDD6618D1E304646006A48DF;
			productRefGroup = BDD661971E304646006A48DF /* Products */;
			projectDirPath = "";
			projectRoot = "";
			targets = (
				BDD661951E304646006A48DF /* Jack The Giant */,
			);
		};
/* End PBXProject section */

/* Begin PBXResourcesBuildPhase section */
		BDD661941E304646006A48DF /* Resources */ = {
			isa = PBXResourcesBuildPhase;
			buildActionMask = 2147483647;
			files = (
				BDD661A51E304646006A48DF /* Main.storyboard in Resources */,
				BDD6619C1E304646006A48DF /* GameScene.sks in Resources */,
				BDD661A71E304646006A48DF /* Assets.xcassets in Resources */,
				BDD661AA1E304646006A48DF /* LaunchScreen.storyboard in Resources */,
				BDD6619E1E304646006A48DF /* Actions.sks in Resources */,
			);
			runOnlyForDeploymentPostprocessing = 0;
		};
/* End PBXResourcesBuildPhase section */

/* Begin PBXSourcesBuildPhase section */
		BDD661921E304646006A48DF /* Sources */ = {
			isa = PBXSourcesBuildPhase;
			buildActionMask = 2147483647;
			files = (
				BDD661A01E304646006A48DF /* GameScene.swift in Sources */,
				BDD661A21E304646006A48DF /* GameViewController.swift in Sources */,
				BDD6619A1E304646006A48DF /* AppDelegate.swift in Sources */,
			);
			runOnlyForDeploymentPostprocessing = 0;
		};
/* End PBXSourcesBuildPhase section */

/* Begin PBXVariantGroup section */
		BDD661A31E304646006A48DF /* Main.storyboard */ = {
			isa = PBXVariantGroup;
			children = (
				BDD661A41E304646006A48DF /* Base */,
			);
			name = Main.storyboard;
			sourceTree = "<group>";
		};
		BDD661A81E304646006A48DF /* LaunchScreen.storyboard */ = {
			isa = PBXVariantGroup;
			children = (
				BDD661A91E304646006A48DF /* Base */,
			);
			name = LaunchScreen.storyboard;
			sourceTree = "<group>";
		};
/* End PBXVariantGroup section */

/* Begin XCBuildConfiguration section */
		BDD661AC1E304646006A48DF /* Debug */ = {
			isa = XCBuildConfiguration;
			buildSettings = {
				ALWAYS_SEARCH_USER_PATHS = NO;
				CLANG_ANALYZER_NONNULL = YES;
				CLANG_CXX_LANGUAGE_STANDARD = "gnu++0x";
				CLANG_CXX_LIBRARY = "libc++";
				CLANG_ENABLE_MODULES = YES;
				CLANG_ENABLE_OBJC_ARC = YES;
				CLANG_WARN_BOOL_CONVERSION = YES;
				CLANG_WARN_CONSTANT_CONVERSION = YES;
				CLANG_WARN_DIRECT_OBJC_ISA_USAGE = YES_ERROR;
				CLANG_WARN_DOCUMENTATION_COMMENTS = YES;
				CLANG_WARN_EMPTY_BODY = YES;
				CLANG_WARN_ENUM_CONVERSION = YES;
				CLANG_WARN_INFINITE_RECURSION = YES;
				CLANG_WARN_INT_CONVERSION = YES;
				CLANG_WARN_OBJC_ROOT_CLASS = YES_ERROR;
				CLANG_WARN_SUSPICIOUS_MOVE = YES;
				CLANG_WARN_UNREACHABLE_CODE = YES;
				CLANG_WARN__DUPLICATE_METHOD_MATCH = YES;
				"CODE_SIGN_IDENTITY[sdk=iphoneos*]" = "iPhone Developer";
				COPY_PHASE_STRIP = NO;
				DEBUG_INFORMATION_FORMAT = dwarf;
				ENABLE_STRICT_OBJC_MSGSEND = YES;
				ENABLE_TESTABILITY = YES;
				GCC_C_LANGUAGE_STANDARD = gnu99;
				GCC_DYNAMIC_NO_PIC = NO;
				GCC_NO_COMMON_BLOCKS = YES;
				GCC_OPTIMIZATION_LEVEL = 0;
				GCC_PREPROCESSOR_DEFINITIONS = (
					"DEBUG=1",
					"$(inherited)",
				);
				GCC_WARN_64_TO_32_BIT_CONVERSION = YES;
				GCC_WARN_ABOUT_RETURN_TYPE = YES_ERROR;
				GCC_WARN_UNDECLARED_SELECTOR = YES;
				GCC_WARN_UNINITIALIZED_AUTOS = YES_AGGRESSIVE;
				GCC_WARN_UNUSED_FUNCTION = YES;
				GCC_WARN_UNUSED_VARIABLE = YES;
				IPHONEOS_DEPLOYMENT_TARGET = 10.2;
				MTL_ENABLE_DEBUG_INFO = YES;
				ONLY_ACTIVE_ARCH = YES;
				SDKROOT = iphoneos;
				SWIFT_ACTIVE_COMPILATION_CONDITIONS = DEBUG;
				SWIFT_OPTIMIZATION_LEVEL = "-Onone";
			};
			name = Debug;
		};
		BDD661AD1E304646006A48DF /* Release */ = {
			isa = XCBuildConfiguration;
			buildSettings = {
				ALWAYS_SEARCH_USER_PATHS = NO;
				CLANG_ANALYZER_NONNULL = YES;
				CLANG_CXX_LANGUAGE_STANDARD = "gnu++0x";
				CLANG_CXX_LIBRARY = "libc++";
				CLANG_ENABLE_MODULES = YES;
				CLANG_ENABLE_OBJC_ARC = YES;
				CLANG_WARN_BOOL_CONVERSION = YES;
				CLANG_WARN_CONSTANT_CONVERSION = YES;
				CLANG_WARN_DIRECT_OBJC_ISA_USAGE = YES_ERROR;
				CLANG_WARN_DOCUMENTATION_COMMENTS = YES;
				CLANG_WARN_EMPTY_BODY = YES;
				CLANG_WARN_ENUM_CONVERSION = YES;
				CLANG_WARN_INFINITE_RECURSION = YES;
				CLANG_WARN_INT_CONVERSION = YES;
				CLANG_WARN_OBJC_ROOT_CLASS = YES_ERROR;
				CLANG_WARN_SUSPICIOUS_MOVE = YES;
				CLANG_WARN_UNREACHABLE_CODE = YES;
				CLANG_WARN__DUPLICATE_METHOD_MATCH = YES;
				"CODE_SIGN_IDENTITY[sdk=iphoneos*]" = "iPhone Developer";
				COPY_PHASE_STRIP = NO;
				DEBUG_INFORMATION_FORMAT = "dwarf-with-dsym";
				ENABLE_NS_ASSERTIONS = NO;
				ENABLE_STRICT_OBJC_MSGSEND = YES;
				GCC_C_LANGUAGE_STANDARD = gnu99;
				GCC_NO_COMMON_BLOCKS = YES;
				GCC_WARN_64_TO_32_BIT_CONVERSION = YES;
				GCC_WARN_ABOUT_RETURN_TYPE = YES_ERROR;
				GCC_WARN_UNDECLARED_SELECTOR = YES;
				GCC_WARN_UNINITIALIZED_AUTOS = YES_AGGRESSIVE;
				GCC_WARN_UNUSED_FUNCTION = YES;
				GCC_WARN_UNUSED_VARIABLE = YES;
				IPHONEOS_DEPLOYMENT_TARGET = 10.2;
				MTL_ENABLE_DEBUG_INFO = NO;
				SDKROOT = iphoneos;
				SWIFT_OPTIMIZATION_LEVEL = "-Owholemodule";
				VALIDATE_PRODUCT = YES;
			};
			name = Release;
		};
		BDD661AF1E304646006A48DF /* Debug */ = {
			isa = XCBuildConfiguration;
			buildSettings = {
				ASSETCATALOG_COMPILER_APPICON_NAME = AppIcon;
				DEVELOPMENT_TEAM = R4L6C6JGYH;
				INFOPLIST_FILE = "Jack The Giant/Info.plist";
				LD_RUNPATH_SEARCH_PATHS = "$(inherited) @executable_path/Frameworks";
				PRODUCT_BUNDLE_IDENTIFIER = "com.vibrito.Jack-The-Giant";
				PRODUCT_NAME = "$(TARGET_NAME)";
				SWIFT_VERSION = 3.0;
			};
			name = Debug;
		};
		BDD661B01E304646006A48DF /* Release */ = {
			isa = XCBuildConfiguration;
			buildSettings = {
				ASSETCATALOG_COMPILER_APPICON_NAME = AppIcon;
				DEVELOPMENT_TEAM = R4L6C6JGYH;
				INFOPLIST_FILE = "Jack The Giant/Info.plist";
				LD_RUNPATH_SEARCH_PATHS = "$(inherited) @executable_path/Frameworks";
				PRODUCT_BUNDLE_IDENTIFIER = "com.vibrito.Jack-The-Giant";
				PRODUCT_NAME = "$(TARGET_NAME)";
				SWIFT_VERSION = 3.0;
			};
			name = Release;
		};
/* End XCBuildConfiguration section */

/* Begin XCConfigurationList section */
		BDD661911E304646006A48DF /* Build configuration list for PBXProject "Jack The Giant" */ = {
			isa = XCConfigurationList;
			buildConfigurations = (
				BDD661AC1E304646006A48DF /* Debug */,
				BDD661AD1E304646006A48DF /* Release */,
			);
			defaultConfigurationIsVisible = 0;
			defaultConfigurationName = Release;
		};
		BDD661AE1E304646006A48DF /* Build configuration list for PBXNativeTarget "Jack The Giant" */ = {
			isa = XCConfigurationList;
			buildConfigurations = (
				BDD661AF1E304646006A48DF /* Debug */,
				BDD661B01E304646006A48DF /* Release */,
			);
			defaultConfigurationIsVisible = 0;
		};
/* End XCConfigurationList section */
	};
	rootObject = BDD6618E1E304646006A48DF /* Project object */;
}
